
Microsoft Visual Studio Solution File, Format Version 12.00
# Visual Studio 15
VisualStudioVersion = 15.0.27130.2010
MinimumVisualStudioVersion = 10.0.40219.1
Project("{9A19103F-16F7-4668-BE54-9A1E7A4F7556}") = "Asp.Net.Core.App", "Asp.Net.Core.App.csproj", "{E49C294D-0A38-4234-8758-9CD19D21D1E5}"
EndProject
Global
	GlobalSection(SolutionConfigurationPlatforms) = preSolution
		Debug|Any CPU = Debug|Any CPU
		Release|Any CPU = Release|Any CPU
	EndGlobalSection
	GlobalSection(ProjectConfigurationPlatforms) = postSolution
		{E49C294D-0A38-4234-8758-9CD19D21D1E5}.Debug|Any CPU.ActiveCfg = Debug|Any CPU
		{E49C294D-0A38-4234-8758-9CD19D21D1E5}.Debug|Any CPU.Build.0 = Debug|Any CPU
		{E49C294D-0A38-4234-8758-9CD19D21D1E5}.Release|Any CPU.ActiveCfg = Release|Any CPU
		{E49C294D-0A38-4234-8758-9CD19D21D1E5}.Release|Any CPU.Build.0 = Release|Any CPU
	EndGlobalSection
	GlobalSection(SolutionProperties) = preSolution
		HideSolutionNode = FALSE
	EndGlobalSection
	GlobalSection(ExtensibilityGlobals) = postSolution
		SolutionGuid = {C3BB0C4F-01E9-450E-A853-90D5D90701F1}
	EndGlobalSection
EndGlobal
